
Microsoft Visual Studio Solution File, Format Version 12.00
# Visual Studio Version 16
VisualStudioVersion = 25.0.1700.0
MinimumVisualStudioVersion = 10.0.40219.1
Project("{FAE04EC0-301F-11D3-BF4B-00C04F79EFBC}") = "honeybadger-dotnet-mvp", "honeybadger-dotnet-mvp.csproj", "{C46D0FF2-91F4-4825-9021-D8F0B761B6BB}"
EndProject
Global
	GlobalSection(SolutionConfigurationPlatforms) = preSolution
		Debug|Any CPU = Debug|Any CPU
		Release|Any CPU = Release|Any CPU
	EndGlobalSection
	GlobalSection(ProjectConfigurationPlatforms) = postSolution
		{C46D0FF2-91F4-4825-9021-D8F0B761B6BB}.Debug|Any CPU.ActiveCfg = Debug|Any CPU
		{C46D0FF2-91F4-4825-9021-D8F0B761B6BB}.Debug|Any CPU.Build.0 = Debug|Any CPU
		{C46D0FF2-91F4-4825-9021-D8F0B761B6BB}.Release|Any CPU.ActiveCfg = Release|Any CPU
		{C46D0FF2-91F4-4825-9021-D8F0B761B6BB}.Release|Any CPU.Build.0 = Release|Any CPU
	EndGlobalSection
	GlobalSection(SolutionProperties) = preSolution
		HideSolutionNode = FALSE
	EndGlobalSection
	GlobalSection(ExtensibilityGlobals) = postSolution
		SolutionGuid = {43CB2426-ED51-41EB-868D-B4C1F6B6AA65}
	EndGlobalSection
EndGlobal
